
Microsoft Visual Studio Solution File, Format Version 12.00
# Visual Studio Version 16
VisualStudioVersion = 16.0.810.10
MinimumVisualStudioVersion = 10.0.40219.1
Project("{FAE04EC0-301F-11D3-BF4B-00C04F79EFBC}") = "Indexer", "Indexer\Indexer.csproj", "{7F4ADC70-20AE-423B-9D46-FABEE2E9F5D2}"
EndProject
Project("{FAE04EC0-301F-11D3-BF4B-00C04F79EFBC}") = "ConsoleSearch", "ConsoleSearch\ConsoleSearch.csproj", "{8DF99C5C-09E2-430F-8DAD-5052DF2A9076}"
EndProject
Project("{FAE04EC0-301F-11D3-BF4B-00C04F79EFBC}") = "Common", "Common\Common.csproj", "{CE712703-C16E-4CB9-B118-A07B582E45DC}"
EndProject
Project("{FAE04EC0-301F-11D3-BF4B-00C04F79EFBC}") = "SearchAPI", "SearchAPI\SearchAPI.csproj", "{6AF6B66D-1856-4BB1-849C-0E51BDDDFDB3}"
EndProject
Project("{FAE04EC0-301F-11D3-BF4B-00C04F79EFBC}") = "WebSearch", "WebSearch\WebSearch.csproj", "{6B0F00D7-A855-43DA-BD13-0F0B21F4C50E}"
EndProject
Global
	GlobalSection(SolutionConfigurationPlatforms) = preSolution
		Debug|Any CPU = Debug|Any CPU
		Release|Any CPU = Release|Any CPU
	EndGlobalSection
	GlobalSection(ProjectConfigurationPlatforms) = postSolution
		{7F4ADC70-20AE-423B-9D46-FABEE2E9F5D2}.Debug|Any CPU.ActiveCfg = Debug|Any CPU
		{7F4ADC70-20AE-423B-9D46-FABEE2E9F5D2}.Debug|Any CPU.Build.0 = Debug|Any CPU
		{7F4ADC70-20AE-423B-9D46-FABEE2E9F5D2}.Release|Any CPU.ActiveCfg = Release|Any CPU
		{7F4ADC70-20AE-423B-9D46-FABEE2E9F5D2}.Release|Any CPU.Build.0 = Release|Any CPU
		{8DF99C5C-09E2-430F-8DAD-5052DF2A9076}.Debug|Any CPU.ActiveCfg = Debug|Any CPU
		{8DF99C5C-09E2-430F-8DAD-5052DF2A9076}.Debug|Any CPU.Build.0 = Debug|Any CPU
		{8DF99C5C-09E2-430F-8DAD-5052DF2A9076}.Release|Any CPU.ActiveCfg = Release|Any CPU
		{8DF99C5C-09E2-430F-8DAD-5052DF2A9076}.Release|Any CPU.Build.0 = Release|Any CPU
		{CE712703-C16E-4CB9-B118-A07B582E45DC}.Debug|Any CPU.ActiveCfg = Debug|Any CPU
		{CE712703-C16E-4CB9-B118-A07B582E45DC}.Debug|Any CPU.Build.0 = Debug|Any CPU
		{CE712703-C16E-4CB9-B118-A07B582E45DC}.Release|Any CPU.ActiveCfg = Release|Any CPU
		{CE712703-C16E-4CB9-B118-A07B582E45DC}.Release|Any CPU.Build.0 = Release|Any CPU
		{6AF6B66D-1856-4BB1-849C-0E51BDDDFDB3}.Debug|Any CPU.ActiveCfg = Debug|Any CPU
		{6AF6B66D-1856-4BB1-849C-0E51BDDDFDB3}.Debug|Any CPU.Build.0 = Debug|Any CPU
		{6AF6B66D-1856-4BB1-849C-0E51BDDDFDB3}.Release|Any CPU.ActiveCfg = Release|Any CPU
		{6AF6B66D-1856-4BB1-849C-0E51BDDDFDB3}.Release|Any CPU.Build.0 = Release|Any CPU
		{6B0F00D7-A855-43DA-BD13-0F0B21F4C50E}.Debug|Any CPU.ActiveCfg = Debug|Any CPU
		{6B0F00D7-A855-43DA-BD13-0F0B21F4C50E}.Debug|Any CPU.Build.0 = Debug|Any CPU
		{6B0F00D7-A855-43DA-BD13-0F0B21F4C50E}.Release|Any CPU.ActiveCfg = Release|Any CPU
		{6B0F00D7-A855-43DA-BD13-0F0B21F4C50E}.Release|Any CPU.Build.0 = Release|Any CPU
	EndGlobalSection
	GlobalSection(SolutionProperties) = preSolution
		HideSolutionNode = FALSE
	EndGlobalSection
	GlobalSection(ExtensibilityGlobals) = postSolution
		SolutionGuid = {0EBC1CCA-0BFD-4D41-AE7E-1157EA73535D}
	EndGlobalSection
EndGlobal
